// !$*UTF8*$!
{
	archiveVersion = 1;
	classes = {
	};
	objectVersion = 46;
	objects = {

/* Begin PBXBuildFile section */
		78AA4D531A5ABB8400AAF494 /* main.m in Sources */ = {isa = PBXBuildFile; fileRef = 78AA4D521A5ABB8400AAF494 /* main.m */; };
		78AA4D561A5ABB8400AAF494 /* AppDelegate.m in Sources */ = {isa = PBXBuildFile; fileRef = 78AA4D551A5ABB8400AAF494 /* AppDelegate.m */; };
		78AA4D591A5ABB8400AAF494 /* ViewController.m in Sources */ = {isa = PBXBuildFile; fileRef = 78AA4D581A5ABB8400AAF494 /* ViewController.m */; };
		78AA4D5C1A5ABB8400AAF494 /* Main.storyboard in Resources */ = {isa = PBXBuildFile; fileRef = 78AA4D5A1A5ABB8400AAF494 /* Main.storyboard */; };
		78AA4D5E1A5ABB8400AAF494 /* Images.xcassets in Resources */ = {isa = PBXBuildFile; fileRef = 78AA4D5D1A5ABB8400AAF494 /* Images.xcassets */; };
		78AA4D611A5ABB8400AAF494 /* LaunchScreen.xib in Resources */ = {isa = PBXBuildFile; fileRef = 78AA4D5F1A5ABB8400AAF494 /* LaunchScreen.xib */; };
		78AA4D6D1A5ABB8400AAF494 /* ChinesePokerTests.m in Sources */ = {isa = PBXBuildFile; fileRef = 78AA4D6C1A5ABB8400AAF494 /* ChinesePokerTests.m */; };
/* End PBXBuildFile section */

/* Begin PBXContainerItemProxy section */
		78AA4D671A5ABB8400AAF494 /* PBXContainerItemProxy */ = {
			isa = PBXContainerItemProxy;
			containerPortal = 78AA4D451A5ABB8400AAF494 /* Project object */;
			proxyType = 1;
			remoteGlobalIDString = 78AA4D4C1A5ABB8400AAF494;
			remoteInfo = ChinesePoker;
		};
/* End PBXContainerItemProxy section */

/* Begin PBXFileReference section */
		78AA4D4D1A5ABB8400AAF494 /* ChinesePoker.app */ = {isa = PBXFileReference; explicitFileType = wrapper.application; includeInIndex = 0; path = ChinesePoker.app; sourceTree = BUILT_PRODUCTS_DIR; };
		78AA4D511A5ABB8400AAF494 /* Info.plist */ = {isa = PBXFileReference; lastKnownFileType = text.plist.xml; path = Info.plist; sourceTree = "<group>"; };
		78AA4D521A5ABB8400AAF494 /* main.m */ = {isa = PBXFileReference; lastKnownFileType = sourcecode.c.objc; path = main.m; sourceTree = "<group>"; };
		78AA4D541A5ABB8400AAF494 /* AppDelegate.h */ = {isa = PBXFileReference; lastKnownFileType = sourcecode.c.h; path = AppDelegate.h; sourceTree = "<group>"; };
		78AA4D551A5ABB8400AAF494 /* AppDelegate.m */ = {isa = PBXFileReference; lastKnownFileType = sourcecode.c.objc; path = AppDelegate.m; sourceTree = "<group>"; };
		78AA4D571A5ABB8400AAF494 /* ViewController.h */ = {isa = PBXFileReference; lastKnownFileType = sourcecode.c.h; path = ViewController.h; sourceTree = "<group>"; };
		78AA4D581A5ABB8400AAF494 /* ViewController.m */ = {isa = PBXFileReference; lastKnownFileType = sourcecode.c.objc; path = ViewController.m; sourceTree = "<group>"; };
		78AA4D5B1A5ABB8400AAF494 /* Base */ = {isa = PBXFileReference; lastKnownFileType = file.storyboard; name = Base; path = Base.lproj/Main.storyboard; sourceTree = "<group>"; };
		78AA4D5D1A5ABB8400AAF494 /* Images.xcassets */ = {isa = PBXFileReference; lastKnownFileType = folder.assetcatalog; path = Images.xcassets; sourceTree = "<group>"; };
		78AA4D601A5ABB8400AAF494 /* Base */ = {isa = PBXFileReference; lastKnownFileType = file.xib; name = Base; path = Base.lproj/LaunchScreen.xib; sourceTree = "<group>"; };
		78AA4D661A5ABB8400AAF494 /* ChinesePokerTests.xctest */ = {isa = PBXFileReference; explicitFileType = wrapper.cfbundle; includeInIndex = 0; path = ChinesePokerTests.xctest; sourceTree = BUILT_PRODUCTS_DIR; };
		78AA4D6B1A5ABB8400AAF494 /* Info.plist */ = {isa = PBXFileReference; lastKnownFileType = text.plist.xml; path = Info.plist; sourceTree = "<group>"; };
		78AA4D6C1A5ABB8400AAF494 /* ChinesePokerTests.m */ = {isa = PBXFileReference; lastKnownFileType = sourcecode.c.objc; path = ChinesePokerTests.m; sourceTree = "<group>"; };
/* End PBXFileReference section */

/* Begin PBXFrameworksBuildPhase section */
		78AA4D4A1A5ABB8400AAF494 /* Frameworks */ = {
			isa = PBXFrameworksBuildPhase;
			buildActionMask = 2147483647;
			files = (
			);
			runOnlyForDeploymentPostprocessing = 0;
		};
		78AA4D631A5ABB8400AAF494 /* Frameworks */ = {
			isa = PBXFrameworksBuildPhase;
			buildActionMask = 2147483647;
			files = (
			);
			runOnlyForDeploymentPostprocessing = 0;
		};
/* End PBXFrameworksBuildPhase section */

/* Begin PBXGroup section */
		78AA4D441A5ABB8400AAF494 = {
			isa = PBXGroup;
			children = (
				78AA4D4F1A5ABB8400AAF494 /* ChinesePoker */,
				78AA4D691A5ABB8400AAF494 /* ChinesePokerTests */,
				78AA4D4E1A5ABB8400AAF494 /* Products */,
			);
			sourceTree = "<group>";
		};
		78AA4D4E1A5ABB8400AAF494 /* Products */ = {
			isa = PBXGroup;
			children = (
				78AA4D4D1A5ABB8400AAF494 /* ChinesePoker.app */,
				78AA4D661A5ABB8400AAF494 /* ChinesePokerTests.xctest */,
			);
			name = Products;
			sourceTree = "<group>";
		};
		78AA4D4F1A5ABB8400AAF494 /* ChinesePoker */ = {
			isa = PBXGroup;
			children = (
				78AA4D541A5ABB8400AAF494 /* AppDelegate.h */,
				78AA4D551A5ABB8400AAF494 /* AppDelegate.m */,
				78AA4D571A5ABB8400AAF494 /* ViewController.h */,
				78AA4D581A5ABB8400AAF494 /* ViewController.m */,
				78AA4D5A1A5ABB8400AAF494 /* Main.storyboard */,
				78AA4D5D1A5ABB8400AAF494 /* Images.xcassets */,
				78AA4D5F1A5ABB8400AAF494 /* LaunchScreen.xib */,
				78AA4D501A5ABB8400AAF494 /* Supporting Files */,
			);
			path = ChinesePoker;
			sourceTree = "<group>";
		};
		78AA4D501A5ABB8400AAF494 /* Supporting Files */ = {
			isa = PBXGroup;
			children = (
				78AA4D511A5ABB8400AAF494 /* Info.plist */,
				78AA4D521A5ABB8400AAF494 /* main.m */,
			);
			name = "Supporting Files";
			sourceTree = "<group>";
		};
		78AA4D691A5ABB8400AAF494 /* ChinesePokerTests */ = {
			isa = PBXGroup;
			children = (
				78AA4D6C1A5ABB8400AAF494 /* ChinesePokerTests.m */,
				78AA4D6A1A5ABB8400AAF494 /* Supporting Files */,
			);
			path = ChinesePokerTests;
			sourceTree = "<group>";
		};
		78AA4D6A1A5ABB8400AAF494 /* Supporting Files */ = {
			isa = PBXGroup;
			children = (
				78AA4D6B1A5ABB8400AAF494 /* Info.plist */,
			);
			name = "Supporting Files";
			sourceTree = "<group>";
		};
/* End PBXGroup section */

/* Begin PBXNativeTarget section */
		78AA4D4C1A5ABB8400AAF494 /* ChinesePoker */ = {
			isa = PBXNativeTarget;
			buildConfigurationList = 78AA4D701A5ABB8400AAF494 /* Build configuration list for PBXNativeTarget "ChinesePoker" */;
			buildPhases = (
				78AA4D491A5ABB8400AAF494 /* Sources */,
				78AA4D4A1A5ABB8400AAF494 /* Frameworks */,
				78AA4D4B1A5ABB8400AAF494 /* Resources */,
			);
			buildRules = (
			);
			dependencies = (
			);
			name = ChinesePoker;
			productName = ChinesePoker;
			productReference = 78AA4D4D1A5ABB8400AAF494 /* ChinesePoker.app */;
			productType = "com.apple.product-type.application";
		};
		78AA4D651A5ABB8400AAF494 /* ChinesePokerTests */ = {
			isa = PBXNativeTarget;
			buildConfigurationList = 78AA4D731A5ABB8400AAF494 /* Build configuration list for PBXNativeTarget "ChinesePokerTests" */;
			buildPhases = (
				78AA4D621A5ABB8400AAF494 /* Sources */,
				78AA4D631A5ABB8400AAF494 /* Frameworks */,
				78AA4D641A5ABB8400AAF494 /* Resources */,
			);
			buildRules = (
			);
			dependencies = (
				78AA4D681A5ABB8400AAF494 /* PBXTargetDependency */,
			);
			name = ChinesePokerTests;
			productName = ChinesePokerTests;
			productReference = 78AA4D661A5ABB8400AAF494 /* ChinesePokerTests.xctest */;
			productType = "com.apple.product-type.bundle.unit-test";
		};
/* End PBXNativeTarget section */

/* Begin PBXProject section */
		78AA4D451A5ABB8400AAF494 /* Project object */ = {
			isa = PBXProject;
			attributes = {
				LastUpgradeCheck = 0610;
				ORGANIZATIONNAME = IT_yangjing;
				TargetAttributes = {
					78AA4D4C1A5ABB8400AAF494 = {
						CreatedOnToolsVersion = 6.1.1;
					};
					78AA4D651A5ABB8400AAF494 = {
						CreatedOnToolsVersion = 6.1.1;
						TestTargetID = 78AA4D4C1A5ABB8400AAF494;
					};
				};
			};
			buildConfigurationList = 78AA4D481A5ABB8400AAF494 /* Build configuration list for PBXProject "ChinesePoker" */;
			compatibilityVersion = "Xcode 3.2";
			developmentRegion = English;
			hasScannedForEncodings = 0;
			knownRegions = (
				en,
				Base,
			);
			mainGroup = 78AA4D441A5ABB8400AAF494;
			productRefGroup = 78AA4D4E1A5ABB8400AAF494 /* Products */;
			projectDirPath = "";
			projectRoot = "";
			targets = (
				78AA4D4C1A5ABB8400AAF494 /* ChinesePoker */,
				78AA4D651A5ABB8400AAF494 /* ChinesePokerTests */,
			);
		};
/* End PBXProject section */

/* Begin PBXResourcesBuildPhase section */
		78AA4D4B1A5ABB8400AAF494 /* Resources */ = {
			isa = PBXResourcesBuildPhase;
			buildActionMask = 2147483647;
			files = (
				78AA4D5C1A5ABB8400AAF494 /* Main.storyboard in Resources */,
				78AA4D611A5ABB8400AAF494 /* LaunchScreen.xib in Resources */,
				78AA4D5E1A5ABB8400AAF494 /* Images.xcassets in Resources */,
			);
			runOnlyForDeploymentPostprocessing = 0;
		};
		78AA4D641A5ABB8400AAF494 /* Resources */ = {
			isa = PBXResourcesBuildPhase;
			buildActionMask = 2147483647;
			files = (
			);
			runOnlyForDeploymentPostprocessing = 0;
		};
/* End PBXResourcesBuildPhase section */

/* Begin PBXSourcesBuildPhase section */
		78AA4D491A5ABB8400AAF494 /* Sources */ = {
			isa = PBXSourcesBuildPhase;
			buildActionMask = 2147483647;
			files = (
				78AA4D591A5ABB8400AAF494 /* ViewController.m in Sources */,
				78AA4D561A5ABB8400AAF494 /* AppDelegate.m in Sources */,
				78AA4D531A5ABB8400AAF494 /* main.m in Sources */,
			);
			runOnlyForDeploymentPostprocessing = 0;
		};
		78AA4D621A5ABB8400AAF494 /* Sources */ = {
			isa = PBXSourcesBuildPhase;
			buildActionMask = 2147483647;
			files = (
				78AA4D6D1A5ABB8400AAF494 /* ChinesePokerTests.m in Sources */,
			);
			runOnlyForDeploymentPostprocessing = 0;
		};
/* End PBXSourcesBuildPhase section */

/* Begin PBXTargetDependency section */
		78AA4D681A5ABB8400AAF494 /* PBXTargetDependency */ = {
			isa = PBXTargetDependency;
			target = 78AA4D4C1A5ABB8400AAF494 /* ChinesePoker */;
			targetProxy = 78AA4D671A5ABB8400AAF494 /* PBXContainerItemProxy */;
		};
/* End PBXTargetDependency section */

/* Begin PBXVariantGroup section */
		78AA4D5A1A5ABB8400AAF494 /* Main.storyboard */ = {
			isa = PBXVariantGroup;
			children = (
				78AA4D5B1A5ABB8400AAF494 /* Base */,
			);
			name = Main.storyboard;
			sourceTree = "<group>";
		};
		78AA4D5F1A5ABB8400AAF494 /* LaunchScreen.xib */ = {
			isa = PBXVariantGroup;
			children = (
				78AA4D601A5ABB8400AAF494 /* Base */,
			);
			name = LaunchScreen.xib;
			sourceTree = "<group>";
		};
/* End PBXVariantGroup section */

/* Begin XCBuildConfiguration section */
		78AA4D6E1A5ABB8400AAF494 /* Debug */ = {
			isa = XCBuildConfiguration;
			buildSettings = {
				ALWAYS_SEARCH_USER_PATHS = NO;
				CLANG_CXX_LANGUAGE_STANDARD = "gnu++0x";
				CLANG_CXX_LIBRARY = "libc++";
				CLANG_ENABLE_MODULES = YES;
				CLANG_ENABLE_OBJC_ARC = YES;
				CLANG_WARN_BOOL_CONVERSION = YES;
				CLANG_WARN_CONSTANT_CONVERSION = YES;
				CLANG_WARN_DIRECT_OBJC_ISA_USAGE = YES_ERROR;
				CLANG_WARN_EMPTY_BODY = YES;
				CLANG_WARN_ENUM_CONVERSION = YES;
				CLANG_WARN_INT_CONVERSION = YES;
				CLANG_WARN_OBJC_ROOT_CLASS = YES_ERROR;
				CLANG_WARN_UNREACHABLE_CODE = YES;
				CLANG_WARN__DUPLICATE_METHOD_MATCH = YES;
				"CODE_SIGN_IDENTITY[sdk=iphoneos*]" = "iPhone Developer";
				COPY_PHASE_STRIP = NO;
				ENABLE_STRICT_OBJC_MSGSEND = YES;
				GCC_C_LANGUAGE_STANDARD = gnu99;
				GCC_DYNAMIC_NO_PIC = NO;
				GCC_OPTIMIZATION_LEVEL = 0;
				GCC_PREPROCESSOR_DEFINITIONS = (
					"DEBUG=1",
					"$(inherited)",
				);
				GCC_SYMBOLS_PRIVATE_EXTERN = NO;
				GCC_WARN_64_TO_32_BIT_CONVERSION = YES;
				GCC_WARN_ABOUT_RETURN_TYPE = YES_ERROR;
				GCC_WARN_UNDECLARED_SELECTOR = YES;
				GCC_WARN_UNINITIALIZED_AUTOS = YES_AGGRESSIVE;
				GCC_WARN_UNUSED_FUNCTION = YES;
				GCC_WARN_UNUSED_VARIABLE = YES;
				IPHONEOS_DEPLOYMENT_TARGET = 8.1;
				MTL_ENABLE_DEBUG_INFO = YES;
				ONLY_ACTIVE_ARCH = YES;
				SDKROOT = iphoneos;
			};
			name = Debug;
		};
		78AA4D6F1A5ABB8400AAF494 /* Release */ = {
			isa = XCBuildConfiguration;
			buildSettings = {
				ALWAYS_SEARCH_USER_PATHS = NO;
				CLANG_CXX_LANGUAGE_STANDARD = "gnu++0x";
				CLANG_CXX_LIBRARY = "libc++";
				CLANG_ENABLE_MODULES = YES;
				CLANG_ENABLE_OBJC_ARC = YES;
				CLANG_WARN_BOOL_CONVERSION = YES;
				CLANG_WARN_CONSTANT_CONVERSION = YES;
				CLANG_WARN_DIRECT_OBJC_ISA_USAGE = YES_ERROR;
				CLANG_WARN_EMPTY_BODY = YES;
				CLANG_WARN_ENUM_CONVERSION = YES;
				CLANG_WARN_INT_CONVERSION = YES;
				CLANG_WARN_OBJC_ROOT_CLASS = YES_ERROR;
				CLANG_WARN_UNREACHABLE_CODE = YES;
				CLANG_WARN__DUPLICATE_METHOD_MATCH = YES;
				"CODE_SIGN_IDENTITY[sdk=iphoneos*]" = "iPhone Developer";
				COPY_PHASE_STRIP = YES;
				ENABLE_NS_ASSERTIONS = NO;
				ENABLE_STRICT_OBJC_MSGSEND = YES;
				GCC_C_LANGUAGE_STANDARD = gnu99;
				GCC_WARN_64_TO_32_BIT_CONVERSION = YES;
				GCC_WARN_ABOUT_RETURN_TYPE = YES_ERROR;
				GCC_WARN_UNDECLARED_SELECTOR = YES;
				GCC_WARN_UNINITIALIZED_AUTOS = YES_AGGRESSIVE;
				GCC_WARN_UNUSED_FUNCTION = YES;
				GCC_WARN_UNUSED_VARIABLE = YES;
				IPHONEOS_DEPLOYMENT_TARGET = 8.1;
				MTL_ENABLE_DEBUG_INFO = NO;
				SDKROOT = iphoneos;
				VALIDATE_PRODUCT = YES;
			};
			name = Release;
		};
		78AA4D711A5ABB8400AAF494 /* Debug */ = {
			isa = XCBuildConfiguration;
			buildSettings = {
				ASSETCATALOG_COMPILER_APPICON_NAME = AppIcon;
				INFOPLIST_FILE = ChinesePoker/Info.plist;
				LD_RUNPATH_SEARCH_PATHS = "$(inherited) @executable_path/Frameworks";
				PRODUCT_NAME = "$(TARGET_NAME)";
			};
			name = Debug;
		};
		78AA4D721A5ABB8400AAF494 /* Release */ = {
			isa = XCBuildConfiguration;
			buildSettings = {
				ASSETCATALOG_COMPILER_APPICON_NAME = AppIcon;
				INFOPLIST_FILE = ChinesePoker/Info.plist;
				LD_RUNPATH_SEARCH_PATHS = "$(inherited) @executable_path/Frameworks";
				PRODUCT_NAME = "$(TARGET_NAME)";
			};
			name = Release;
		};
		78AA4D741A5ABB8400AAF494 /* Debug */ = {
			isa = XCBuildConfiguration;
			buildSettings = {
				BUNDLE_LOADER = "$(TEST_HOST)";
				FRAMEWORK_SEARCH_PATHS = (
					"$(SDKROOT)/Developer/Library/Frameworks",
					"$(inherited)",
				);
				GCC_PREPROCESSOR_DEFINITIONS = (
					"DEBUG=1",
					"$(inherited)",
				);
				INFOPLIST_FILE = ChinesePokerTests/Info.plist;
				LD_RUNPATH_SEARCH_PATHS = "$(inherited) @executable_path/Frameworks @loader_path/Frameworks";
				PRODUCT_NAME = "$(TARGET_NAME)";
				TEST_HOST = "$(BUILT_PRODUCTS_DIR)/ChinesePoker.app/ChinesePoker";
			};
			name = Debug;
		};
		78AA4D751A5ABB8400AAF494 /* Release */ = {
			isa = XCBuildConfiguration;
			buildSettings = {
				BUNDLE_LOADER = "$(TEST_HOST)";
				FRAMEWORK_SEARCH_PATHS = (
					"$(SDKROOT)/Developer/Library/Frameworks",
					"$(inherited)",
				);
				INFOPLIST_FILE = ChinesePokerTests/Info.plist;
				LD_RUNPATH_SEARCH_PATHS = "$(inherited) @executable_path/Frameworks @loader_path/Frameworks";
				PRODUCT_NAME = "$(TARGET_NAME)";
				TEST_HOST = "$(BUILT_PRODUCTS_DIR)/ChinesePoker.app/ChinesePoker";
			};
			name = Release;
		};
/* End XCBuildConfiguration section */

/* Begin XCConfigurationList section */
		78AA4D481A5ABB8400AAF494 /* Build configuration list for PBXProject "ChinesePoker" */ = {
			isa = XCConfigurationList;
			buildConfigurations = (
				78AA4D6E1A5ABB8400AAF494 /* Debug */,
				78AA4D6F1A5ABB8400AAF494 /* Release */,
			);
			defaultConfigurationIsVisible = 0;
			defaultConfigurationName = Release;
		};
		78AA4D701A5ABB8400AAF494 /* Build configuration list for PBXNativeTarget "ChinesePoker" */ = {
			isa = XCConfigurationList;
			buildConfigurations = (
				78AA4D711A5ABB8400AAF494 /* Debug */,
				78AA4D721A5ABB8400AAF494 /* Release */,
			);
			defaultConfigurationIsVisible = 0;
		};
		78AA4D731A5ABB8400AAF494 /* Build configuration list for PBXNativeTarget "ChinesePokerTests" */ = {
			isa = XCConfigurationList;
			buildConfigurations = (
				78AA4D741A5ABB8400AAF494 /* Debug */,
				78AA4D751A5ABB8400AAF494 /* Release */,
			);
			defaultConfigurationIsVisible = 0;
		};
/* End XCConfigurationList section */
	};
	rootObject = 78AA4D451A5ABB8400AAF494 /* Project object */;
}
